
Microsoft Visual Studio Solution File, Format Version 12.00
# Visual Studio 15
VisualStudioVersion = 15.0.26730.8
MinimumVisualStudioVersion = 10.0.40219.1
Project("{D954291E-2A0B-460D-934E-DC6B0785DB48}") = "HamburgerMenuDemo", "HamburgerMenuDemo\HamburgerMenuDemo\HamburgerMenuDemo.shproj", "{C0C40301-F5E5-40EC-9335-6A6C193E0ED5}"
EndProject
Project("{FAE04EC0-301F-11D3-BF4B-00C04F79EFBC}") = "HamburgerMenuDemo.Android", "HamburgerMenuDemo\HamburgerMenuDemo.Android\HamburgerMenuDemo.Android.csproj", "{6A011C8F-8C0C-47CA-8E09-412E634DB00C}"
EndProject
Project("{FAE04EC0-301F-11D3-BF4B-00C04F79EFBC}") = "HamburgerMenuDemo.iOS", "HamburgerMenuDemo\HamburgerMenuDemo.iOS\HamburgerMenuDemo.iOS.csproj", "{C18FB403-F8DD-453D-85DC-A9B603BA64B7}"
EndProject
Project("{FAE04EC0-301F-11D3-BF4B-00C04F79EFBC}") = "HamburgerMenuDemo.UWP", "HamburgerMenuDemo\HamburgerMenuDemo.UWP\HamburgerMenuDemo.UWP.csproj", "{19CF855D-3C76-4969-BC67-662AC742BEFD}"
EndProject
Global
	GlobalSection(SharedMSBuildProjectFiles) = preSolution
		HamburgerMenuDemo\HamburgerMenuDemo\HamburgerMenuDemo.projitems*{19cf855d-3c76-4969-bc67-662ac742befd}*SharedItemsImports = 4
		HamburgerMenuDemo\HamburgerMenuDemo\HamburgerMenuDemo.projitems*{6a011c8f-8c0c-47ca-8e09-412e634db00c}*SharedItemsImports = 4
		HamburgerMenuDemo\HamburgerMenuDemo\HamburgerMenuDemo.projitems*{c0c40301-f5e5-40ec-9335-6a6c193e0ed5}*SharedItemsImports = 13
		HamburgerMenuDemo\HamburgerMenuDemo\HamburgerMenuDemo.projitems*{c18fb403-f8dd-453d-85dc-a9b603ba64b7}*SharedItemsImports = 4
	EndGlobalSection
	GlobalSection(SolutionConfigurationPlatforms) = preSolution
		Ad-Hoc|Any CPU = Ad-Hoc|Any CPU
		Ad-Hoc|ARM = Ad-Hoc|ARM
		Ad-Hoc|iPhone = Ad-Hoc|iPhone
		Ad-Hoc|iPhoneSimulator = Ad-Hoc|iPhoneSimulator
		Ad-Hoc|x64 = Ad-Hoc|x64
		Ad-Hoc|x86 = Ad-Hoc|x86
		AppStore|Any CPU = AppStore|Any CPU
		AppStore|ARM = AppStore|ARM
		AppStore|iPhone = AppStore|iPhone
		AppStore|iPhoneSimulator = AppStore|iPhoneSimulator
		AppStore|x64 = AppStore|x64
		AppStore|x86 = AppStore|x86
		Debug|Any CPU = Debug|Any CPU
		Debug|ARM = Debug|ARM
		Debug|iPhone = Debug|iPhone
		Debug|iPhoneSimulator = Debug|iPhoneSimulator
		Debug|x64 = Debug|x64
		Debug|x86 = Debug|x86
		Release|Any CPU = Release|Any CPU
		Release|ARM = Release|ARM
		Release|iPhone = Release|iPhone
		Release|iPhoneSimulator = Release|iPhoneSimulator
		Release|x64 = Release|x64
		Release|x86 = Release|x86
	EndGlobalSection
	GlobalSection(ProjectConfigurationPlatforms) = postSolution
		{6A011C8F-8C0C-47CA-8E09-412E634DB00C}.Ad-Hoc|Any CPU.ActiveCfg = Release|Any CPU
		{6A011C8F-8C0C-47CA-8E09-412E634DB00C}.Ad-Hoc|Any CPU.Build.0 = Release|Any CPU
		{6A011C8F-8C0C-47CA-8E09-412E634DB00C}.Ad-Hoc|Any CPU.Deploy.0 = Release|Any CPU
		{6A011C8F-8C0C-47CA-8E09-412E634DB00C}.Ad-Hoc|ARM.ActiveCfg = Release|Any CPU
		{6A011C8F-8C0C-47CA-8E09-412E634DB00C}.Ad-Hoc|ARM.Build.0 = Release|Any CPU
		{6A011C8F-8C0C-47CA-8E09-412E634DB00C}.Ad-Hoc|ARM.Deploy.0 = Release|Any CPU
		{6A011C8F-8C0C-47CA-8E09-412E634DB00C}.Ad-Hoc|iPhone.ActiveCfg = Release|Any CPU
		{6A011C8F-8C0C-47CA-8E09-412E634DB00C}.Ad-Hoc|iPhone.Build.0 = Release|Any CPU
		{6A011C8F-8C0C-47CA-8E09-412E634DB00C}.Ad-Hoc|iPhone.Deploy.0 = Release|Any CPU
		{6A011C8F-8C0C-47CA-8E09-412E634DB00C}.Ad-Hoc|iPhoneSimulator.ActiveCfg = Release|Any CPU
		{6A011C8F-8C0C-47CA-8E09-412E634DB00C}.Ad-Hoc|iPhoneSimulator.Build.0 = Release|Any CPU
		{6A011C8F-8C0C-47CA-8E09-412E634DB00C}.Ad-Hoc|iPhoneSimulator.Deploy.0 = Release|Any CPU
		{6A011C8F-8C0C-47CA-8E09-412E634DB00C}.Ad-Hoc|x64.ActiveCfg = Release|Any CPU
		{6A011C8F-8C0C-47CA-8E09-412E634DB00C}.Ad-Hoc|x64.Build.0 = Release|Any CPU
		{6A011C8F-8C0C-47CA-8E09-412E634DB00C}.Ad-Hoc|x64.Deploy.0 = Release|Any CPU
		{6A011C8F-8C0C-47CA-8E09-412E634DB00C}.Ad-Hoc|x86.ActiveCfg = Release|Any CPU
		{6A011C8F-8C0C-47CA-8E09-412E634DB00C}.Ad-Hoc|x86.Build.0 = Release|Any CPU
		{6A011C8F-8C0C-47CA-8E09-412E634DB00C}.Ad-Hoc|x86.Deploy.0 = Release|Any CPU
		{6A011C8F-8C0C-47CA-8E09-412E634DB00C}.AppStore|Any CPU.ActiveCfg = Release|Any CPU
		{6A011C8F-8C0C-47CA-8E09-412E634DB00C}.AppStore|Any CPU.Build.0 = Release|Any CPU
		{6A011C8F-8C0C-47CA-8E09-412E634DB00C}.AppStore|Any CPU.Deploy.0 = Release|Any CPU
		{6A011C8F-8C0C-47CA-8E09-412E634DB00C}.AppStore|ARM.ActiveCfg = Release|Any CPU
		{6A011C8F-8C0C-47CA-8E09-412E634DB00C}.AppStore|ARM.Build.0 = Release|Any CPU
		{6A011C8F-8C0C-47CA-8E09-412E634DB00C}.AppStore|ARM.Deploy.0 = Release|Any CPU
		{6A011C8F-8C0C-47CA-8E09-412E634DB00C}.AppStore|iPhone.ActiveCfg = Release|Any CPU
		{6A011C8F-8C0C-47CA-8E09-412E634DB00C}.AppStore|iPhone.Build.0 = Release|Any CPU
		{6A011C8F-8C0C-47CA-8E09-412E634DB00C}.AppStore|iPhone.Deploy.0 = Release|Any CPU
		{6A011C8F-8C0C-47CA-8E09-412E634DB00C}.AppStore|iPhoneSimulator.ActiveCfg = Release|Any CPU
		{6A011C8F-8C0C-47CA-8E09-412E634DB00C}.AppStore|iPhoneSimulator.Build.0 = Release|Any CPU
		{6A011C8F-8C0C-47CA-8E09-412E634DB00C}.AppStore|iPhoneSimulator.Deploy.0 = Release|Any CPU
		{6A011C8F-8C0C-47CA-8E09-412E634DB00C}.AppStore|x64.ActiveCfg = Release|Any CPU
		{6A011C8F-8C0C-47CA-8E09-412E634DB00C}.AppStore|x64.Build.0 = Release|Any CPU
		{6A011C8F-8C0C-47CA-8E09-412E634DB00C}.AppStore|x64.Deploy.0 = Release|Any CPU
		{6A011C8F-8C0C-47CA-8E09-412E634DB00C}.AppStore|x86.ActiveCfg = Release|Any CPU
		{6A011C8F-8C0C-47CA-8E09-412E634DB00C}.AppStore|x86.Build.0 = Release|Any CPU
		{6A011C8F-8C0C-47CA-8E09-412E634DB00C}.AppStore|x86.Deploy.0 = Release|Any CPU
		{6A011C8F-8C0C-47CA-8E09-412E634DB00C}.Debug|Any CPU.ActiveCfg = Debug|Any CPU
		{6A011C8F-8C0C-47CA-8E09-412E634DB00C}.Debug|Any CPU.Build.0 = Debug|Any CPU
		{6A011C8F-8C0C-47CA-8E09-412E634DB00C}.Debug|Any CPU.Deploy.0 = Debug|Any CPU
		{6A011C8F-8C0C-47CA-8E09-412E634DB00C}.Debug|ARM.ActiveCfg = Debug|Any CPU
		{6A011C8F-8C0C-47CA-8E09-412E634DB00C}.Debug|ARM.Build.0 = Debug|Any CPU
		{6A011C8F-8C0C-47CA-8E09-412E634DB00C}.Debug|ARM.Deploy.0 = Debug|Any CPU
		{6A011C8F-8C0C-47CA-8E09-412E634DB00C}.Debug|iPhone.ActiveCfg = Debug|Any CPU
		{6A011C8F-8C0C-47CA-8E09-412E634DB00C}.Debug|iPhone.Build.0 = Debug|Any CPU
		{6A011C8F-8C0C-47CA-8E09-412E634DB00C}.Debug|iPhone.Deploy.0 = Debug|Any CPU
		{6A011C8F-8C0C-47CA-8E09-412E634DB00C}.Debug|iPhoneSimulator.ActiveCfg = Debug|Any CPU
		{6A011C8F-8C0C-47CA-8E09-412E634DB00C}.Debug|iPhoneSimulator.Build.0 = Debug|Any CPU
		{6A011C8F-8C0C-47CA-8E09-412E634DB00C}.Debug|iPhoneSimulator.Deploy.0 = Debug|Any CPU
		{6A011C8F-8C0C-47CA-8E09-412E634DB00C}.Debug|x64.ActiveCfg = Debug|Any CPU
		{6A011C8F-8C0C-47CA-8E09-412E634DB00C}.Debug|x64.Build.0 = Debug|Any CPU
		{6A011C8F-8C0C-47CA-8E09-412E634DB00C}.Debug|x64.Deploy.0 = Debug|Any CPU
		{6A011C8F-8C0C-47CA-8E09-412E634DB00C}.Debug|x86.ActiveCfg = Debug|Any CPU
		{6A011C8F-8C0C-47CA-8E09-412E634DB00C}.Debug|x86.Build.0 = Debug|Any CPU
		{6A011C8F-8C0C-47CA-8E09-412E634DB00C}.Debug|x86.Deploy.0 = Debug|Any CPU
		{6A011C8F-8C0C-47CA-8E09-412E634DB00C}.Release|Any CPU.ActiveCfg = Release|Any CPU
		{6A011C8F-8C0C-47CA-8E09-412E634DB00C}.Release|Any CPU.Build.0 = Release|Any CPU
		{6A011C8F-8C0C-47CA-8E09-412E634DB00C}.Release|Any CPU.Deploy.0 = Release|Any CPU
		{6A011C8F-8C0C-47CA-8E09-412E634DB00C}.Release|ARM.ActiveCfg = Release|Any CPU
		{6A011C8F-8C0C-47CA-8E09-412E634DB00C}.Release|ARM.Build.0 = Release|Any CPU
		{6A011C8F-8C0C-47CA-8E09-412E634DB00C}.Release|ARM.Deploy.0 = Release|Any CPU
		{6A011C8F-8C0C-47CA-8E09-412E634DB00C}.Release|iPhone.ActiveCfg = Release|Any CPU
		{6A011C8F-8C0C-47CA-8E09-412E634DB00C}.Release|iPhone.Build.0 = Release|Any CPU
		{6A011C8F-8C0C-47CA-8E09-412E634DB00C}.Release|iPhone.Deploy.0 = Release|Any CPU
		{6A011C8F-8C0C-47CA-8E09-412E634DB00C}.Release|iPhoneSimulator.ActiveCfg = Release|Any CPU
		{6A011C8F-8C0C-47CA-8E09-412E634DB00C}.Release|iPhoneSimulator.Build.0 = Release|Any CPU
		{6A011C8F-8C0C-47CA-8E09-412E634DB00C}.Release|iPhoneSimulator.Deploy.0 = Release|Any CPU
		{6A011C8F-8C0C-47CA-8E09-412E634DB00C}.Release|x64.ActiveCfg = Release|Any CPU
		{6A011C8F-8C0C-47CA-8E09-412E634DB00C}.Release|x64.Build.0 = Release|Any CPU
		{6A011C8F-8C0C-47CA-8E09-412E634DB00C}.Release|x64.Deploy.0 = Release|Any CPU
		{6A011C8F-8C0C-47CA-8E09-412E634DB00C}.Release|x86.ActiveCfg = Release|Any CPU
		{6A011C8F-8C0C-47CA-8E09-412E634DB00C}.Release|x86.Build.0 = Release|Any CPU
		{6A011C8F-8C0C-47CA-8E09-412E634DB00C}.Release|x86.Deploy.0 = Release|Any CPU
		{C18FB403-F8DD-453D-85DC-A9B603BA64B7}.Ad-Hoc|Any CPU.ActiveCfg = Ad-Hoc|iPhone
		{C18FB403-F8DD-453D-85DC-A9B603BA64B7}.Ad-Hoc|ARM.ActiveCfg = Ad-Hoc|iPhone
		{C18FB403-F8DD-453D-85DC-A9B603BA64B7}.Ad-Hoc|iPhone.ActiveCfg = Ad-Hoc|iPhone
		{C18FB403-F8DD-453D-85DC-A9B603BA64B7}.Ad-Hoc|iPhone.Build.0 = Ad-Hoc|iPhone
		{C18FB403-F8DD-453D-85DC-A9B603BA64B7}.Ad-Hoc|iPhoneSimulator.ActiveCfg = Ad-Hoc|iPhoneSimulator
		{C18FB403-F8DD-453D-85DC-A9B603BA64B7}.Ad-Hoc|iPhoneSimulator.Build.0 = Ad-Hoc|iPhoneSimulator
		{C18FB403-F8DD-453D-85DC-A9B603BA64B7}.Ad-Hoc|x64.ActiveCfg = Ad-Hoc|iPhone
		{C18FB403-F8DD-453D-85DC-A9B603BA64B7}.Ad-Hoc|x86.ActiveCfg = Ad-Hoc|iPhone
		{C18FB403-F8DD-453D-85DC-A9B603BA64B7}.AppStore|Any CPU.ActiveCfg = AppStore|iPhone
		{C18FB403-F8DD-453D-85DC-A9B603BA64B7}.AppStore|ARM.ActiveCfg = AppStore|iPhone
		{C18FB403-F8DD-453D-85DC-A9B603BA64B7}.AppStore|iPhone.ActiveCfg = AppStore|iPhone
		{C18FB403-F8DD-453D-85DC-A9B603BA64B7}.AppStore|iPhone.Build.0 = AppStore|iPhone
		{C18FB403-F8DD-453D-85DC-A9B603BA64B7}.AppStore|iPhoneSimulator.ActiveCfg = AppStore|iPhoneSimulator
		{C18FB403-F8DD-453D-85DC-A9B603BA64B7}.AppStore|iPhoneSimulator.Build.0 = AppStore|iPhoneSimulator
		{C18FB403-F8DD-453D-85DC-A9B603BA64B7}.AppStore|x64.ActiveCfg = AppStore|iPhone
		{C18FB403-F8DD-453D-85DC-A9B603BA64B7}.AppStore|x86.ActiveCfg = AppStore|iPhone
		{C18FB403-F8DD-453D-85DC-A9B603BA64B7}.Debug|Any CPU.ActiveCfg = Debug|iPhone
		{C18FB403-F8DD-453D-85DC-A9B603BA64B7}.Debug|ARM.ActiveCfg = Debug|iPhone
		{C18FB403-F8DD-453D-85DC-A9B603BA64B7}.Debug|iPhone.ActiveCfg = Debug|iPhone
		{C18FB403-F8DD-453D-85DC-A9B603BA64B7}.Debug|iPhone.Build.0 = Debug|iPhone
		{C18FB403-F8DD-453D-85DC-A9B603BA64B7}.Debug|iPhoneSimulator.ActiveCfg = Debug|iPhoneSimulator
		{C18FB403-F8DD-453D-85DC-A9B603BA64B7}.Debug|iPhoneSimulator.Build.0 = Debug|iPhoneSimulator
		{C18FB403-F8DD-453D-85DC-A9B603BA64B7}.Debug|x64.ActiveCfg = Debug|iPhone
		{C18FB403-F8DD-453D-85DC-A9B603BA64B7}.Debug|x86.ActiveCfg = Debug|iPhone
		{C18FB403-F8DD-453D-85DC-A9B603BA64B7}.Release|Any CPU.ActiveCfg = Release|iPhone
		{C18FB403-F8DD-453D-85DC-A9B603BA64B7}.Release|ARM.ActiveCfg = Release|iPhone
		{C18FB403-F8DD-453D-85DC-A9B603BA64B7}.Release|iPhone.ActiveCfg = Release|iPhone
		{C18FB403-F8DD-453D-85DC-A9B603BA64B7}.Release|iPhone.Build.0 = Release|iPhone
		{C18FB403-F8DD-453D-85DC-A9B603BA64B7}.Release|iPhoneSimulator.ActiveCfg = Release|iPhoneSimulator
		{C18FB403-F8DD-453D-85DC-A9B603BA64B7}.Release|iPhoneSimulator.Build.0 = Release|iPhoneSimulator
		{C18FB403-F8DD-453D-85DC-A9B603BA64B7}.Release|x64.ActiveCfg = Release|iPhone
		{C18FB403-F8DD-453D-85DC-A9B603BA64B7}.Release|x86.ActiveCfg = Release|iPhone
		{19CF855D-3C76-4969-BC67-662AC742BEFD}.Ad-Hoc|Any CPU.ActiveCfg = Release|x86
		{19CF855D-3C76-4969-BC67-662AC742BEFD}.Ad-Hoc|Any CPU.Build.0 = Release|x86
		{19CF855D-3C76-4969-BC67-662AC742BEFD}.Ad-Hoc|Any CPU.Deploy.0 = Release|x86
		{19CF855D-3C76-4969-BC67-662AC742BEFD}.Ad-Hoc|ARM.ActiveCfg = Release|ARM
		{19CF855D-3C76-4969-BC67-662AC742BEFD}.Ad-Hoc|ARM.Build.0 = Release|ARM
		{19CF855D-3C76-4969-BC67-662AC742BEFD}.Ad-Hoc|ARM.Deploy.0 = Release|ARM
		{19CF855D-3C76-4969-BC67-662AC742BEFD}.Ad-Hoc|iPhone.ActiveCfg = Release|x86
		{19CF855D-3C76-4969-BC67-662AC742BEFD}.Ad-Hoc|iPhone.Build.0 = Release|x86
		{19CF855D-3C76-4969-BC67-662AC742BEFD}.Ad-Hoc|iPhone.Deploy.0 = Release|x86
		{19CF855D-3C76-4969-BC67-662AC742BEFD}.Ad-Hoc|iPhoneSimulator.ActiveCfg = Release|x86
		{19CF855D-3C76-4969-BC67-662AC742BEFD}.Ad-Hoc|iPhoneSimulator.Build.0 = Release|x86
		{19CF855D-3C76-4969-BC67-662AC742BEFD}.Ad-Hoc|iPhoneSimulator.Deploy.0 = Release|x86
		{19CF855D-3C76-4969-BC67-662AC742BEFD}.Ad-Hoc|x64.ActiveCfg = Release|x64
		{19CF855D-3C76-4969-BC67-662AC742BEFD}.Ad-Hoc|x64.Build.0 = Release|x64
		{19CF855D-3C76-4969-BC67-662AC742BEFD}.Ad-Hoc|x64.Deploy.0 = Release|x64
		{19CF855D-3C76-4969-BC67-662AC742BEFD}.Ad-Hoc|x86.ActiveCfg = Release|x86
		{19CF855D-3C76-4969-BC67-662AC742BEFD}.Ad-Hoc|x86.Build.0 = Release|x86
		{19CF855D-3C76-4969-BC67-662AC742BEFD}.Ad-Hoc|x86.Deploy.0 = Release|x86
		{19CF855D-3C76-4969-BC67-662AC742BEFD}.AppStore|Any CPU.ActiveCfg = Release|x86
		{19CF855D-3C76-4969-BC67-662AC742BEFD}.AppStore|Any CPU.Build.0 = Release|x86
		{19CF855D-3C76-4969-BC67-662AC742BEFD}.AppStore|Any CPU.Deploy.0 = Release|x86
		{19CF855D-3C76-4969-BC67-662AC742BEFD}.AppStore|ARM.ActiveCfg = Release|ARM
		{19CF855D-3C76-4969-BC67-662AC742BEFD}.AppStore|ARM.Build.0 = Release|ARM
		{19CF855D-3C76-4969-BC67-662AC742BEFD}.AppStore|ARM.Deploy.0 = Release|ARM
		{19CF855D-3C76-4969-BC67-662AC742BEFD}.AppStore|iPhone.ActiveCfg = Release|x86
		{19CF855D-3C76-4969-BC67-662AC742BEFD}.AppStore|iPhone.Build.0 = Release|x86
		{19CF855D-3C76-4969-BC67-662AC742BEFD}.AppStore|iPhone.Deploy.0 = Release|x86
		{19CF855D-3C76-4969-BC67-662AC742BEFD}.AppStore|iPhoneSimulator.ActiveCfg = Release|x86
		{19CF855D-3C76-4969-BC67-662AC742BEFD}.AppStore|iPhoneSimulator.Build.0 = Release|x86
		{19CF855D-3C76-4969-BC67-662AC742BEFD}.AppStore|iPhoneSimulator.Deploy.0 = Release|x86
		{19CF855D-3C76-4969-BC67-662AC742BEFD}.AppStore|x64.ActiveCfg = Release|x64
		{19CF855D-3C76-4969-BC67-662AC742BEFD}.AppStore|x64.Build.0 = Release|x64
		{19CF855D-3C76-4969-BC67-662AC742BEFD}.AppStore|x64.Deploy.0 = Release|x64
		{19CF855D-3C76-4969-BC67-662AC742BEFD}.AppStore|x86.ActiveCfg = Release|x86
		{19CF855D-3C76-4969-BC67-662AC742BEFD}.AppStore|x86.Build.0 = Release|x86
		{19CF855D-3C76-4969-BC67-662AC742BEFD}.AppStore|x86.Deploy.0 = Release|x86
		{19CF855D-3C76-4969-BC67-662AC742BEFD}.Debug|Any CPU.ActiveCfg = Debug|x86
		{19CF855D-3C76-4969-BC67-662AC742BEFD}.Debug|ARM.ActiveCfg = Debug|ARM
		{19CF855D-3C76-4969-BC67-662AC742BEFD}.Debug|ARM.Build.0 = Debug|ARM
		{19CF855D-3C76-4969-BC67-662AC742BEFD}.Debug|ARM.Deploy.0 = Debug|ARM
		{19CF855D-3C76-4969-BC67-662AC742BEFD}.Debug|iPhone.ActiveCfg = Debug|x86
		{19CF855D-3C76-4969-BC67-662AC742BEFD}.Debug|iPhoneSimulator.ActiveCfg = Debug|x86
		{19CF855D-3C76-4969-BC67-662AC742BEFD}.Debug|x64.ActiveCfg = Debug|x64
		{19CF855D-3C76-4969-BC67-662AC742BEFD}.Debug|x64.Build.0 = Debug|x64
		{19CF855D-3C76-4969-BC67-662AC742BEFD}.Debug|x64.Deploy.0 = Debug|x64
		{19CF855D-3C76-4969-BC67-662AC742BEFD}.Debug|x86.ActiveCfg = Debug|x86
		{19CF855D-3C76-4969-BC67-662AC742BEFD}.Debug|x86.Build.0 = Debug|x86
		{19CF855D-3C76-4969-BC67-662AC742BEFD}.Debug|x86.Deploy.0 = Debug|x86
		{19CF855D-3C76-4969-BC67-662AC742BEFD}.Release|Any CPU.ActiveCfg = Release|x86
		{19CF855D-3C76-4969-BC67-662AC742BEFD}.Release|ARM.ActiveCfg = Release|ARM
		{19CF855D-3C76-4969-BC67-662AC742BEFD}.Release|ARM.Build.0 = Release|ARM
		{19CF855D-3C76-4969-BC67-662AC742BEFD}.Release|ARM.Deploy.0 = Release|ARM
		{19CF855D-3C76-4969-BC67-662AC742BEFD}.Release|iPhone.ActiveCfg = Release|x86
		{19CF855D-3C76-4969-BC67-662AC742BEFD}.Release|iPhoneSimulator.ActiveCfg = Release|x86
		{19CF855D-3C76-4969-BC67-662AC742BEFD}.Release|x64.ActiveCfg = Release|x64
		{19CF855D-3C76-4969-BC67-662AC742BEFD}.Release|x64.Build.0 = Release|x64
		{19CF855D-3C76-4969-BC67-662AC742BEFD}.Release|x64.Deploy.0 = Release|x64
		{19CF855D-3C76-4969-BC67-662AC742BEFD}.Release|x86.ActiveCfg = Release|x86
		{19CF855D-3C76-4969-BC67-662AC742BEFD}.Release|x86.Build.0 = Release|x86
		{19CF855D-3C76-4969-BC67-662AC742BEFD}.Release|x86.Deploy.0 = Release|x86
	EndGlobalSection
	GlobalSection(SolutionProperties) = preSolution
		HideSolutionNode = FALSE
	EndGlobalSection
	GlobalSection(ExtensibilityGlobals) = postSolution
		SolutionGuid = {3CE560D6-DCBC-4512-AED2-420B42B2BA92}
	EndGlobalSection
EndGlobal
